
Microsoft Visual Studio Solution File, Format Version 12.00
# Visual Studio 15
VisualStudioVersion = 15.0.28307.329
MinimumVisualStudioVersion = 10.0.40219.1
Project("{FAE04EC0-301F-11D3-BF4B-00C04F79EFBC}") = "MVP", "MVP\MVP.csproj", "{C9CD4B77-1CEE-4DED-89DC-622A06A99018}"
EndProject
Global
	GlobalSection(SolutionConfigurationPlatforms) = preSolution
		Debug|Any CPU = Debug|Any CPU
		Release|Any CPU = Release|Any CPU
	EndGlobalSection
	GlobalSection(ProjectConfigurationPlatforms) = postSolution
		{C9CD4B77-1CEE-4DED-89DC-622A06A99018}.Debug|Any CPU.ActiveCfg = Debug|Any CPU
		{C9CD4B77-1CEE-4DED-89DC-622A06A99018}.Debug|Any CPU.Build.0 = Debug|Any CPU
		{C9CD4B77-1CEE-4DED-89DC-622A06A99018}.Release|Any CPU.ActiveCfg = Release|Any CPU
		{C9CD4B77-1CEE-4DED-89DC-622A06A99018}.Release|Any CPU.Build.0 = Release|Any CPU
	EndGlobalSection
	GlobalSection(SolutionProperties) = preSolution
		HideSolutionNode = FALSE
	EndGlobalSection
	GlobalSection(ExtensibilityGlobals) = postSolution
		SolutionGuid = {24ACD16D-82FC-49B6-B344-BEA17B47F326}
	EndGlobalSection
EndGlobal
